<Solution>
  <Folder Name="/src/" />
  <Folder Name="/src/Bff/" />
  <Folder Name="/src/Bff/Employeur/" />
  <Folder Name="/src/Bff/Employeur/src/">
    <Project Path="src/Bff/Employeur/src/Sepp.Bff.Employeur/Sepp.Bff.Employeur.csproj" />
  </Folder>
  <Folder Name="/src/Bff/Employeur/tests/">
    <Project Path="src/Bff/Employeur/tests/Sepp.Bff.Employeur.Integration.Tests/Sepp.Bff.Employeur.Integration.Tests.csproj" />
    <Project Path="src/Bff/Employeur/tests/Sepp.Bff.Employeur.Tests/Sepp.Bff.Employeur.Tests.csproj" />
  </Folder>
  <Folder Name="/src/Bff/Travailleur/" />
  <Folder Name="/src/Bff/Travailleur/src/">
    <Project Path="src/Bff/Travailleur/src/Sepp.Bff.Travailleur/Sepp.Bff.Travailleur.csproj" />
  </Folder>
  <Folder Name="/src/Bff/Travailleur/tests/">
    <Project Path="src/Bff/Travailleur/tests/Sepp.Bff.Travailleur.Integration.Tests/Sepp.Bff.Travailleur.Integration.Tests.csproj" />
    <Project Path="src/Bff/Travailleur/tests/Sepp.Bff.Travailleur.Tests/Sepp.Bff.Travailleur.Tests.csproj" />
  </Folder>
  <Folder Name="/src/BuildingBlocks/">
    <Project Path="src/BuildingBlocks/Sepp.BuildingBlocks.Application/Sepp.BuildingBlocks.Application.csproj" />
    <Project Path="src/BuildingBlocks/Sepp.BuildingBlocks.Domain/Sepp.BuildingBlocks.Domain.csproj" />
    <Project Path="src/BuildingBlocks/Sepp.BuildingBlocks.Infrastructure/Sepp.BuildingBlocks.Infrastructure.csproj" />
    <Project Path="src/BuildingBlocks/Sepp.BuildingBlocks.Web/Sepp.BuildingBlocks.Web.csproj" />
  </Folder>
  <Folder Name="/src/Contracts/">
    <Project Path="src/Contracts/Sepp.Contracts/Sepp.Contracts.csproj" />
  </Folder>
  <Folder Name="/src/Services/" />
  <Folder Name="/src/Services/Affilies/" />
  <Folder Name="/src/Services/Affilies/src/">
    <Project Path="src/Services/Affilies/src/Sepp.Affilies.Adapters/Sepp.Affilies.Adapters.csproj" />
    <Project Path="src/Services/Affilies/src/Sepp.Affilies.Application/Sepp.Affilies.Application.csproj" />
    <Project Path="src/Services/Affilies/src/Sepp.Affilies.Domain/Sepp.Affilies.Domain.csproj" />
    <Project Path="src/Services/Affilies/src/Sepp.Affilies.Infrastructure/Sepp.Affilies.Infrastructure.csproj" />
  </Folder>
  <Folder Name="/src/Services/Affilies/tests/">
    <Project Path="src/Services/Affilies/tests/Sepp.Affilies.Application.Tests/Sepp.Affilies.Application.Tests.csproj" />
    <Project Path="src/Services/Affilies/tests/Sepp.Affilies.Architecture.Tests/Sepp.Affilies.Architecture.Tests.csproj" />
    <Project Path="src/Services/Affilies/tests/Sepp.Affilies.Domain.Tests/Sepp.Affilies.Domain.Tests.csproj" />
    <Project Path="src/Services/Affilies/tests/Sepp.Affilies.Integration.Tests/Sepp.Affilies.Integration.Tests.csproj" />
  </Folder>
  <Folder Name="/src/Services/Audit/" />
  <Folder Name="/src/Services/Audit/src/">
    <Project Path="src/Services/Audit/src/Sepp.Audit.Adapters/Sepp.Audit.Adapters.csproj" />
    <Project Path="src/Services/Audit/src/Sepp.Audit.Application/Sepp.Audit.Application.csproj" />
    <Project Path="src/Services/Audit/src/Sepp.Audit.Domain/Sepp.Audit.Domain.csproj" />
    <Project Path="src/Services/Audit/src/Sepp.Audit.Infrastructure/Sepp.Audit.Infrastructure.csproj" />
  </Folder>
  <Folder Name="/src/Services/Audit/tests/">
    <Project Path="src/Services/Audit/tests/Sepp.Audit.Application.Tests/Sepp.Audit.Application.Tests.csproj" />
    <Project Path="src/Services/Audit/tests/Sepp.Audit.Architecture.Tests/Sepp.Audit.Architecture.Tests.csproj" />
    <Project Path="src/Services/Audit/tests/Sepp.Audit.Domain.Tests/Sepp.Audit.Domain.Tests.csproj" />
    <Project Path="src/Services/Audit/tests/Sepp.Audit.Integration.Tests/Sepp.Audit.Integration.Tests.csproj" />
  </Folder>
  <Folder Name="/src/Services/Communications/" />
  <Folder Name="/src/Services/Communications/src/">
    <Project Path="src/Services/Communications/src/Sepp.Communications.Adapters/Sepp.Communications.Adapters.csproj" />
    <Project Path="src/Services/Communications/src/Sepp.Communications.Application/Sepp.Communications.Application.csproj" />
    <Project Path="src/Services/Communications/src/Sepp.Communications.Domain/Sepp.Communications.Domain.csproj" />
    <Project Path="src/Services/Communications/src/Sepp.Communications.Infrastructure/Sepp.Communications.Infrastructure.csproj" />
  </Folder>
  <Folder Name="/src/Services/Communications/tests/">
    <Project Path="src/Services/Communications/tests/Sepp.Communications.Application.Tests/Sepp.Communications.Application.Tests.csproj" />
    <Project Path="src/Services/Communications/tests/Sepp.Communications.Architecture.Tests/Sepp.Communications.Architecture.Tests.csproj" />
    <Project Path="src/Services/Communications/tests/Sepp.Communications.Domain.Tests/Sepp.Communications.Domain.Tests.csproj" />
    <Project Path="src/Services/Communications/tests/Sepp.Communications.Integration.Tests/Sepp.Communications.Integration.Tests.csproj" />
  </Folder>
  <Folder Name="/src/Services/Documents/" />
  <Folder Name="/src/Services/Documents/src/">
    <Project Path="src/Services/Documents/src/Sepp.Documents.Adapters/Sepp.Documents.Adapters.csproj" />
    <Project Path="src/Services/Documents/src/Sepp.Documents.Application/Sepp.Documents.Application.csproj" />
    <Project Path="src/Services/Documents/src/Sepp.Documents.Domain/Sepp.Documents.Domain.csproj" />
    <Project Path="src/Services/Documents/src/Sepp.Documents.Infrastructure/Sepp.Documents.Infrastructure.csproj" />
  </Folder>
  <Folder Name="/src/Services/Documents/tests/">
    <Project Path="src/Services/Documents/tests/Sepp.Documents.Application.Tests/Sepp.Documents.Application.Tests.csproj" />
    <Project Path="src/Services/Documents/tests/Sepp.Documents.Architecture.Tests/Sepp.Documents.Architecture.Tests.csproj" />
    <Project Path="src/Services/Documents/tests/Sepp.Documents.Domain.Tests/Sepp.Documents.Domain.Tests.csproj" />
    <Project Path="src/Services/Documents/tests/Sepp.Documents.Integration.Tests/Sepp.Documents.Integration.Tests.csproj" />
  </Folder>
  <Folder Name="/src/Services/Integrations/" />
  <Folder Name="/src/Services/Integrations/src/">
    <Project Path="src/Services/Integrations/src/Sepp.Integrations.Adapters/Sepp.Integrations.Adapters.csproj" />
    <Project Path="src/Services/Integrations/src/Sepp.Integrations.Application/Sepp.Integrations.Application.csproj" />
    <Project Path="src/Services/Integrations/src/Sepp.Integrations.Domain/Sepp.Integrations.Domain.csproj" />
    <Project Path="src/Services/Integrations/src/Sepp.Integrations.Infrastructure/Sepp.Integrations.Infrastructure.csproj" />
  </Folder>
  <Folder Name="/src/Services/Integrations/tests/">
    <Project Path="src/Services/Integrations/tests/Sepp.Integrations.Application.Tests/Sepp.Integrations.Application.Tests.csproj" />
    <Project Path="src/Services/Integrations/tests/Sepp.Integrations.Architecture.Tests/Sepp.Integrations.Architecture.Tests.csproj" />
    <Project Path="src/Services/Integrations/tests/Sepp.Integrations.Domain.Tests/Sepp.Integrations.Domain.Tests.csproj" />
    <Project Path="src/Services/Integrations/tests/Sepp.Integrations.Integration.Tests/Sepp.Integrations.Integration.Tests.csproj" />
  </Folder>
  <Folder Name="/src/Services/Obligations/" />
  <Folder Name="/src/Services/Obligations/src/">
    <Project Path="src/Services/Obligations/src/Sepp.Obligations.Adapters/Sepp.Obligations.Adapters.csproj" />
    <Project Path="src/Services/Obligations/src/Sepp.Obligations.Application/Sepp.Obligations.Application.csproj" />
    <Project Path="src/Services/Obligations/src/Sepp.Obligations.Domain/Sepp.Obligations.Domain.csproj" />
    <Project Path="src/Services/Obligations/src/Sepp.Obligations.Infrastructure/Sepp.Obligations.Infrastructure.csproj" />
  </Folder>
  <Folder Name="/src/Services/Obligations/tests/">
    <Project Path="src/Services/Obligations/tests/Sepp.Obligations.Application.Tests/Sepp.Obligations.Application.Tests.csproj" />
    <Project Path="src/Services/Obligations/tests/Sepp.Obligations.Architecture.Tests/Sepp.Obligations.Architecture.Tests.csproj" />
    <Project Path="src/Services/Obligations/tests/Sepp.Obligations.Domain.Tests/Sepp.Obligations.Domain.Tests.csproj" />
    <Project Path="src/Services/Obligations/tests/Sepp.Obligations.Integration.Tests/Sepp.Obligations.Integration.Tests.csproj" />
  </Folder>
  <Folder Name="/src/Services/Personnes/" />
  <Folder Name="/src/Services/Personnes/src/">
    <Project Path="src/Services/Personnes/src/Sepp.Personnes.Adapters/Sepp.Personnes.Adapters.csproj" />
    <Project Path="src/Services/Personnes/src/Sepp.Personnes.Application/Sepp.Personnes.Application.csproj" />
    <Project Path="src/Services/Personnes/src/Sepp.Personnes.Domain/Sepp.Personnes.Domain.csproj" />
    <Project Path="src/Services/Personnes/src/Sepp.Personnes.Infrastructure/Sepp.Personnes.Infrastructure.csproj" />
  </Folder>
  <Folder Name="/src/Services/Personnes/tests/">
    <Project Path="src/Services/Personnes/tests/Sepp.Personnes.Application.Tests/Sepp.Personnes.Application.Tests.csproj" />
    <Project Path="src/Services/Personnes/tests/Sepp.Personnes.Architecture.Tests/Sepp.Personnes.Architecture.Tests.csproj" />
    <Project Path="src/Services/Personnes/tests/Sepp.Personnes.Domain.Tests/Sepp.Personnes.Domain.Tests.csproj" />
    <Project Path="src/Services/Personnes/tests/Sepp.Personnes.Integration.Tests/Sepp.Personnes.Integration.Tests.csproj" />
  </Folder>
  <Folder Name="/src/Services/Planification/" />
  <Folder Name="/src/Services/Planification/src/">
    <Project Path="src/Services/Planification/src/Sepp.Planification.Adapters/Sepp.Planification.Adapters.csproj" />
    <Project Path="src/Services/Planification/src/Sepp.Planification.Application/Sepp.Planification.Application.csproj" />
    <Project Path="src/Services/Planification/src/Sepp.Planification.Domain/Sepp.Planification.Domain.csproj" />
    <Project Path="src/Services/Planification/src/Sepp.Planification.Infrastructure/Sepp.Planification.Infrastructure.csproj" />
  </Folder>
  <Folder Name="/src/Services/Planification/tests/">
    <Project Path="src/Services/Planification/tests/Sepp.Planification.Application.Tests/Sepp.Planification.Application.Tests.csproj" />
    <Project Path="src/Services/Planification/tests/Sepp.Planification.Architecture.Tests/Sepp.Planification.Architecture.Tests.csproj" />
    <Project Path="src/Services/Planification/tests/Sepp.Planification.Domain.Tests/Sepp.Planification.Domain.Tests.csproj" />
    <Project Path="src/Services/Planification/tests/Sepp.Planification.Integration.Tests/Sepp.Planification.Integration.Tests.csproj" />
  </Folder>
  <Folder Name="/src/Services/PostesRisques/" />
  <Folder Name="/src/Services/PostesRisques/src/">
    <Project Path="src/Services/PostesRisques/src/Sepp.PostesRisques.Adapters/Sepp.PostesRisques.Adapters.csproj" />
    <Project Path="src/Services/PostesRisques/src/Sepp.PostesRisques.Application/Sepp.PostesRisques.Application.csproj" />
    <Project Path="src/Services/PostesRisques/src/Sepp.PostesRisques.Domain/Sepp.PostesRisques.Domain.csproj" />
    <Project Path="src/Services/PostesRisques/src/Sepp.PostesRisques.Infrastructure/Sepp.PostesRisques.Infrastructure.csproj" />
  </Folder>
  <Folder Name="/src/Services/PostesRisques/tests/">
    <Project Path="src/Services/PostesRisques/tests/Sepp.PostesRisques.Application.Tests/Sepp.PostesRisques.Application.Tests.csproj" />
    <Project Path="src/Services/PostesRisques/tests/Sepp.PostesRisques.Architecture.Tests/Sepp.PostesRisques.Architecture.Tests.csproj" />
    <Project Path="src/Services/PostesRisques/tests/Sepp.PostesRisques.Domain.Tests/Sepp.PostesRisques.Domain.Tests.csproj" />
    <Project Path="src/Services/PostesRisques/tests/Sepp.PostesRisques.Integration.Tests/Sepp.PostesRisques.Integration.Tests.csproj" />
  </Folder>
  <Folder Name="/src/Services/Referentiels/" />
  <Folder Name="/src/Services/Referentiels/src/">
    <Project Path="src/Services/Referentiels/src/Sepp.Referentiels.Adapters/Sepp.Referentiels.Adapters.csproj" />
    <Project Path="src/Services/Referentiels/src/Sepp.Referentiels.Application/Sepp.Referentiels.Application.csproj" />
    <Project Path="src/Services/Referentiels/src/Sepp.Referentiels.Domain/Sepp.Referentiels.Domain.csproj" />
    <Project Path="src/Services/Referentiels/src/Sepp.Referentiels.Infrastructure/Sepp.Referentiels.Infrastructure.csproj" />
  </Folder>
  <Folder Name="/src/Services/Referentiels/tests/">
    <Project Path="src/Services/Referentiels/tests/Sepp.Referentiels.Application.Tests/Sepp.Referentiels.Application.Tests.csproj" />
    <Project Path="src/Services/Referentiels/tests/Sepp.Referentiels.Architecture.Tests/Sepp.Referentiels.Architecture.Tests.csproj" />
    <Project Path="src/Services/Referentiels/tests/Sepp.Referentiels.Domain.Tests/Sepp.Referentiels.Domain.Tests.csproj" />
    <Project Path="src/Services/Referentiels/tests/Sepp.Referentiels.Integration.Tests/Sepp.Referentiels.Integration.Tests.csproj" />
  </Folder>
  <Folder Name="/src/Services/SurveillanceMedicale/" />
  <Folder Name="/src/Services/SurveillanceMedicale/src/">
    <Project Path="src/Services/SurveillanceMedicale/src/Sepp.SurveillanceMedicale.Adapters/Sepp.SurveillanceMedicale.Adapters.csproj" />
    <Project Path="src/Services/SurveillanceMedicale/src/Sepp.SurveillanceMedicale.Application/Sepp.SurveillanceMedicale.Application.csproj" />
    <Project Path="src/Services/SurveillanceMedicale/src/Sepp.SurveillanceMedicale.Domain/Sepp.SurveillanceMedicale.Domain.csproj" />
    <Project Path="src/Services/SurveillanceMedicale/src/Sepp.SurveillanceMedicale.Infrastructure/Sepp.SurveillanceMedicale.Infrastructure.csproj" />
  </Folder>
  <Folder Name="/src/Services/SurveillanceMedicale/tests/">
    <Project Path="src/Services/SurveillanceMedicale/tests/Sepp.SurveillanceMedicale.Application.Tests/Sepp.SurveillanceMedicale.Application.Tests.csproj" />
    <Project Path="src/Services/SurveillanceMedicale/tests/Sepp.SurveillanceMedicale.Architecture.Tests/Sepp.SurveillanceMedicale.Architecture.Tests.csproj" />
    <Project Path="src/Services/SurveillanceMedicale/tests/Sepp.SurveillanceMedicale.Domain.Tests/Sepp.SurveillanceMedicale.Domain.Tests.csproj" />
    <Project Path="src/Services/SurveillanceMedicale/tests/Sepp.SurveillanceMedicale.Integration.Tests/Sepp.SurveillanceMedicale.Integration.Tests.csproj" />
  </Folder>
  <Folder Name="/tests/">
    <Project Path="tests/Sepp.BuildingBlocks.Tests/Sepp.BuildingBlocks.Tests.csproj" />
    <Project Path="tests/Sepp.Contracts.Tests/Sepp.Contracts.Tests.csproj" />
    <Project Path="tests/Sepp.Sagas.Tests/Sepp.Sagas.Tests.csproj" />
    <Project Path="tests/Sepp.Testing.Architecture/Sepp.Testing.Architecture.csproj" />
  </Folder>
</Solution>
