<Solution>
  <Folder Name="/Services/" />
  <Folder Name="/Services/Affilies/">
    <Project Path="src/Services/Affilies/src/Sepp.Affilies.Adapters/Sepp.Affilies.Adapters.csproj" />
    <Project Path="src/Services/Affilies/src/Sepp.Affilies.Application/Sepp.Affilies.Application.csproj" />
    <Project Path="src/Services/Affilies/src/Sepp.Affilies.Domain/Sepp.Affilies.Domain.csproj" />
    <Project Path="src/Services/Affilies/src/Sepp.Affilies.Infrastructure/Sepp.Affilies.Infrastructure.csproj" />
  </Folder>
  <Folder Name="/Services/Referentiels/">
    <Project Path="src/Services/Referentiels/src/Sepp.Referentiels.Adapters/Sepp.Referentiels.Adapters.csproj" />
    <Project Path="src/Services/Referentiels/src/Sepp.Referentiels.Application/Sepp.Referentiels.Application.csproj" />
    <Project Path="src/Services/Referentiels/src/Sepp.Referentiels.Domain/Sepp.Referentiels.Domain.csproj" />
    <Project Path="src/Services/Referentiels/src/Sepp.Referentiels.Infrastructure/Sepp.Referentiels.Infrastructure.csproj" />
  </Folder>
  <Folder Name="/src/" />
  <Folder Name="/src/BuildingBlocks/">
    <Project Path="src/BuildingBlocks/Sepp.BuildingBlocks.Application/Sepp.BuildingBlocks.Application.csproj" />
    <Project Path="src/BuildingBlocks/Sepp.BuildingBlocks.Domain/Sepp.BuildingBlocks.Domain.csproj" />
    <Project Path="src/BuildingBlocks/Sepp.BuildingBlocks.Infrastructure/Sepp.BuildingBlocks.Infrastructure.csproj" />
    <Project Path="src/BuildingBlocks/Sepp.BuildingBlocks.Web/Sepp.BuildingBlocks.Web.csproj" />
  </Folder>
  <Folder Name="/src/Contracts/">
    <Project Path="src/Contracts/Sepp.Contracts/Sepp.Contracts.csproj" />
  </Folder>
  <Folder Name="/src/Services/" />
  <Folder Name="/src/Services/Affilies/" />
  <Folder Name="/src/Services/Affilies/src/" />
  <Folder Name="/src/Services/Affilies/tests/">
    <Project Path="src/Services/Affilies/tests/Sepp.Affilies.Application.Tests/Sepp.Affilies.Application.Tests.csproj" />
    <Project Path="src/Services/Affilies/tests/Sepp.Affilies.Architecture.Tests/Sepp.Affilies.Architecture.Tests.csproj" />
    <Project Path="src/Services/Affilies/tests/Sepp.Affilies.Domain.Tests/Sepp.Affilies.Domain.Tests.csproj" />
    <Project Path="src/Services/Affilies/tests/Sepp.Affilies.Integration.Tests/Sepp.Affilies.Integration.Tests.csproj" />
  </Folder>
  <Folder Name="/src/Services/Referentiels/" />
  <Folder Name="/src/Services/Referentiels/src/" />
  <Folder Name="/src/Services/Referentiels/tests/">
    <Project Path="src/Services/Referentiels/tests/Sepp.Referentiels.Application.Tests/Sepp.Referentiels.Application.Tests.csproj" />
    <Project Path="src/Services/Referentiels/tests/Sepp.Referentiels.Architecture.Tests/Sepp.Referentiels.Architecture.Tests.csproj" />
    <Project Path="src/Services/Referentiels/tests/Sepp.Referentiels.Domain.Tests/Sepp.Referentiels.Domain.Tests.csproj" />
    <Project Path="src/Services/Referentiels/tests/Sepp.Referentiels.Integration.Tests/Sepp.Referentiels.Integration.Tests.csproj" />
  </Folder>
  <Folder Name="/tests/">
    <Project Path="tests/Sepp.BuildingBlocks.Tests/Sepp.BuildingBlocks.Tests.csproj" />
    <Project Path="tests/Sepp.Contracts.Tests/Sepp.Contracts.Tests.csproj" />
    <Project Path="tests/Sepp.Testing.Architecture/Sepp.Testing.Architecture.csproj" />
  </Folder>
</Solution>
