<Solution>
  <Folder Name="/src/">
    <Project Path="src/Sepp.Referentiels.Adapters/Sepp.Referentiels.Adapters.csproj" />
    <Project Path="src/Sepp.Referentiels.Application/Sepp.Referentiels.Application.csproj" />
    <Project Path="src/Sepp.Referentiels.Domain/Sepp.Referentiels.Domain.csproj" />
    <Project Path="src/Sepp.Referentiels.Infrastructure/Sepp.Referentiels.Infrastructure.csproj" />
  </Folder>
  <Folder Name="/tests/">
    <Project Path="tests/Sepp.Referentiels.Application.Tests/Sepp.Referentiels.Application.Tests.csproj" />
    <Project Path="tests/Sepp.Referentiels.Architecture.Tests/Sepp.Referentiels.Architecture.Tests.csproj" />
    <Project Path="tests/Sepp.Referentiels.Domain.Tests/Sepp.Referentiels.Domain.Tests.csproj" />
    <Project Path="tests/Sepp.Referentiels.Integration.Tests/Sepp.Referentiels.Integration.Tests.csproj" />
  </Folder>
  <Project Path="../../../tests/Sepp.Testing.Architecture/Sepp.Testing.Architecture.csproj" />
  <Project Path="../../BuildingBlocks/Sepp.BuildingBlocks.Application/Sepp.BuildingBlocks.Application.csproj" />
  <Project Path="../../BuildingBlocks/Sepp.BuildingBlocks.Domain/Sepp.BuildingBlocks.Domain.csproj" />
  <Project Path="../../BuildingBlocks/Sepp.BuildingBlocks.Infrastructure/Sepp.BuildingBlocks.Infrastructure.csproj" />
  <Project Path="../../BuildingBlocks/Sepp.BuildingBlocks.Web/Sepp.BuildingBlocks.Web.csproj" />
  <Project Path="../../Contracts/Sepp.Contracts/Sepp.Contracts.csproj" />
</Solution>
