<Solution>
  <Folder Name="/src/">
    <Project Path="src/Sepp.Planification.Adapters/Sepp.Planification.Adapters.csproj" />
    <Project Path="src/Sepp.Planification.Application/Sepp.Planification.Application.csproj" />
    <Project Path="src/Sepp.Planification.Domain/Sepp.Planification.Domain.csproj" />
    <Project Path="src/Sepp.Planification.Infrastructure/Sepp.Planification.Infrastructure.csproj" />
  </Folder>
  <Folder Name="/tests/">
    <Project Path="tests/Sepp.Planification.Application.Tests/Sepp.Planification.Application.Tests.csproj" />
    <Project Path="tests/Sepp.Planification.Architecture.Tests/Sepp.Planification.Architecture.Tests.csproj" />
    <Project Path="tests/Sepp.Planification.Domain.Tests/Sepp.Planification.Domain.Tests.csproj" />
    <Project Path="tests/Sepp.Planification.Integration.Tests/Sepp.Planification.Integration.Tests.csproj" />
  </Folder>
  <Project Path="../../../tests/Sepp.Testing.Architecture/Sepp.Testing.Architecture.csproj" />
  <Project Path="../../BuildingBlocks/Sepp.BuildingBlocks.Application/Sepp.BuildingBlocks.Application.csproj" />
  <Project Path="../../BuildingBlocks/Sepp.BuildingBlocks.Domain/Sepp.BuildingBlocks.Domain.csproj" />
  <Project Path="../../BuildingBlocks/Sepp.BuildingBlocks.Infrastructure/Sepp.BuildingBlocks.Infrastructure.csproj" />
  <Project Path="../../BuildingBlocks/Sepp.BuildingBlocks.Web/Sepp.BuildingBlocks.Web.csproj" />
  <Project Path="../../Contracts/Sepp.Contracts/Sepp.Contracts.csproj" />
</Solution>
